// !$*UTF8*$!
{
	archiveVersion = 1;
	classes = {
	};
	objectVersion = 56;
	objects = {

/* Begin PBXBuildFile section */
		8320C89A2B56CFF20064CFB4 /* AppDelegate.swift in Sources */ = {isa = PBXBuildFile; fileRef = 8320C8992B56CFF20064CFB4 /* AppDelegate.swift */; };
		8320C89C2B56CFF20064CFB4 /* SceneDelegate.swift in Sources */ = {isa = PBXBuildFile; fileRef = 8320C89B2B56CFF20064CFB4 /* SceneDelegate.swift */; };
		8320C89E2B56CFF20064CFB4 /* ViewController.swift in Sources */ = {isa = PBXBuildFile; fileRef = 8320C89D2B56CFF20064CFB4 /* ViewController.swift */; };
		8320C8A12B56CFF20064CFB4 /* Main.storyboard in Resources */ = {isa = PBXBuildFile; fileRef = 8320C89F2B56CFF20064CFB4 /* Main.storyboard */; };
		8320C8A32B56CFF50064CFB4 /* Assets.xcassets in Resources */ = {isa = PBXBuildFile; fileRef = 8320C8A22B56CFF50064CFB4 /* Assets.xcassets */; };
		8320C8A62B56CFF50064CFB4 /* LaunchScreen.storyboard in Resources */ = {isa = PBXBuildFile; fileRef = 8320C8A42B56CFF50064CFB4 /* LaunchScreen.storyboard */; };
		8320C8B12B56CFF50064CFB4 /* Document_AppTests.swift in Sources */ = {isa = PBXBuildFile; fileRef = 8320C8B02B56CFF50064CFB4 /* Document_AppTests.swift */; };
		8320C8BB2B56CFF50064CFB4 /* Document_AppUITests.swift in Sources */ = {isa = PBXBuildFile; fileRef = 8320C8BA2B56CFF50064CFB4 /* Document_AppUITests.swift */; };
		8320C8BD2B56CFF50064CFB4 /* Document_AppUITestsLaunchTests.swift in Sources */ = {isa = PBXBuildFile; fileRef = 8320C8BC2B56CFF50064CFB4 /* Document_AppUITestsLaunchTests.swift */; };
/* End PBXBuildFile section */

/* Begin PBXContainerItemProxy section */
		8320C8AD2B56CFF50064CFB4 /* PBXContainerItemProxy */ = {
			isa = PBXContainerItemProxy;
			containerPortal = 8320C88E2B56CFF20064CFB4 /* Project object */;
			proxyType = 1;
			remoteGlobalIDString = 8320C8952B56CFF20064CFB4;
			remoteInfo = "Document App";
		};
		8320C8B72B56CFF50064CFB4 /* PBXContainerItemProxy */ = {
			isa = PBXContainerItemProxy;
			containerPortal = 8320C88E2B56CFF20064CFB4 /* Project object */;
			proxyType = 1;
			remoteGlobalIDString = 8320C8952B56CFF20064CFB4;
			remoteInfo = "Document App";
		};
/* End PBXContainerItemProxy section */

/* Begin PBXFileReference section */
		8320C8962B56CFF20064CFB4 /* Document App.app */ = {isa = PBXFileReference; explicitFileType = wrapper.application; includeInIndex = 0; path = "Document App.app"; sourceTree = BUILT_PRODUCTS_DIR; };
		8320C8992B56CFF20064CFB4 /* AppDelegate.swift */ = {isa = PBXFileReference; lastKnownFileType = sourcecode.swift; path = AppDelegate.swift; sourceTree = "<group>"; };
		8320C89B2B56CFF20064CFB4 /* SceneDelegate.swift */ = {isa = PBXFileReference; lastKnownFileType = sourcecode.swift; path = SceneDelegate.swift; sourceTree = "<group>"; };
		8320C89D2B56CFF20064CFB4 /* ViewController.swift */ = {isa = PBXFileReference; lastKnownFileType = sourcecode.swift; path = ViewController.swift; sourceTree = "<group>"; };
		8320C8A02B56CFF20064CFB4 /* Base */ = {isa = PBXFileReference; lastKnownFileType = file.storyboard; name = Base; path = Base.lproj/Main.storyboard; sourceTree = "<group>"; };
		8320C8A22B56CFF50064CFB4 /* Assets.xcassets */ = {isa = PBXFileReference; lastKnownFileType = folder.assetcatalog; path = Assets.xcassets; sourceTree = "<group>"; };
		8320C8A52B56CFF50064CFB4 /* Base */ = {isa = PBXFileReference; lastKnownFileType = file.storyboard; name = Base; path = Base.lproj/LaunchScreen.storyboard; sourceTree = "<group>"; };
		8320C8A72B56CFF50064CFB4 /* Info.plist */ = {isa = PBXFileReference; lastKnownFileType = text.plist.xml; path = Info.plist; sourceTree = "<group>"; };
		8320C8AC2B56CFF50064CFB4 /* Document AppTests.xctest */ = {isa = PBXFileReference; explicitFileType = wrapper.cfbundle; includeInIndex = 0; path = "Document AppTests.xctest"; sourceTree = BUILT_PRODUCTS_DIR; };
		8320C8B02B56CFF50064CFB4 /* Document_AppTests.swift */ = {isa = PBXFileReference; lastKnownFileType = sourcecode.swift; path = Document_AppTests.swift; sourceTree = "<group>"; };
		8320C8B62B56CFF50064CFB4 /* Document AppUITests.xctest */ = {isa = PBXFileReference; explicitFileType = wrapper.cfbundle; includeInIndex = 0; path = "Document AppUITests.xctest"; sourceTree = BUILT_PRODUCTS_DIR; };
		8320C8BA2B56CFF50064CFB4 /* Document_AppUITests.swift */ = {isa = PBXFileReference; lastKnownFileType = sourcecode.swift; path = Document_AppUITests.swift; sourceTree = "<group>"; };
		8320C8BC2B56CFF50064CFB4 /* Document_AppUITestsLaunchTests.swift */ = {isa = PBXFileReference; lastKnownFileType = sourcecode.swift; path = Document_AppUITestsLaunchTests.swift; sourceTree = "<group>"; };
/* End PBXFileReference section */

/* Begin PBXFrameworksBuildPhase section */
		8320C8932B56CFF20064CFB4 /* Frameworks */ = {
			isa = PBXFrameworksBuildPhase;
			buildActionMask = 2147483647;
			files = (
			);
			runOnlyForDeploymentPostprocessing = 0;
		};
		8320C8A92B56CFF50064CFB4 /* Frameworks */ = {
			isa = PBXFrameworksBuildPhase;
			buildActionMask = 2147483647;
			files = (
			);
			runOnlyForDeploymentPostprocessing = 0;
		};
		8320C8B32B56CFF50064CFB4 /* Frameworks */ = {
			isa = PBXFrameworksBuildPhase;
			buildActionMask = 2147483647;
			files = (
			);
			runOnlyForDeploymentPostprocessing = 0;
		};
/* End PBXFrameworksBuildPhase section */

/* Begin PBXGroup section */
		8320C88D2B56CFF20064CFB4 = {
			isa = PBXGroup;
			children = (
				8320C8982B56CFF20064CFB4 /* Document App */,
				8320C8AF2B56CFF50064CFB4 /* Document AppTests */,
				8320C8B92B56CFF50064CFB4 /* Document AppUITests */,
				8320C8972B56CFF20064CFB4 /* Products */,
			);
			sourceTree = "<group>";
		};
		8320C8972B56CFF20064CFB4 /* Products */ = {
			isa = PBXGroup;
			children = (
				8320C8962B56CFF20064CFB4 /* Document App.app */,
				8320C8AC2B56CFF50064CFB4 /* Document AppTests.xctest */,
				8320C8B62B56CFF50064CFB4 /* Document AppUITests.xctest */,
			);
			name = Products;
			sourceTree = "<group>";
		};
		8320C8982B56CFF20064CFB4 /* Document App */ = {
			isa = PBXGroup;
			children = (
				8320C8992B56CFF20064CFB4 /* AppDelegate.swift */,
				8320C89B2B56CFF20064CFB4 /* SceneDelegate.swift */,
				8320C89D2B56CFF20064CFB4 /* ViewController.swift */,
				8320C89F2B56CFF20064CFB4 /* Main.storyboard */,
				8320C8A22B56CFF50064CFB4 /* Assets.xcassets */,
				8320C8A42B56CFF50064CFB4 /* LaunchScreen.storyboard */,
				8320C8A72B56CFF50064CFB4 /* Info.plist */,
			);
			path = "Document App";
			sourceTree = "<group>";
		};
		8320C8AF2B56CFF50064CFB4 /* Document AppTests */ = {
			isa = PBXGroup;
			children = (
				8320C8B02B56CFF50064CFB4 /* Document_AppTests.swift */,
			);
			path = "Document AppTests";
			sourceTree = "<group>";
		};
		8320C8B92B56CFF50064CFB4 /* Document AppUITests */ = {
			isa = PBXGroup;
			children = (
				8320C8BA2B56CFF50064CFB4 /* Document_AppUITests.swift */,
				8320C8BC2B56CFF50064CFB4 /* Document_AppUITestsLaunchTests.swift */,
			);
			path = "Document AppUITests";
			sourceTree = "<group>";
		};
/* End PBXGroup section */

/* Begin PBXNativeTarget section */
		8320C8952B56CFF20064CFB4 /* Document App */ = {
			isa = PBXNativeTarget;
			buildConfigurationList = 8320C8C02B56CFF50064CFB4 /* Build configuration list for PBXNativeTarget "Document App" */;
			buildPhases = (
				8320C8922B56CFF20064CFB4 /* Sources */,
				8320C8932B56CFF20064CFB4 /* Frameworks */,
				8320C8942B56CFF20064CFB4 /* Resources */,
			);
			buildRules = (
			);
			dependencies = (
			);
			name = "Document App";
			productName = "Document App";
			productReference = 8320C8962B56CFF20064CFB4 /* Document App.app */;
			productType = "com.apple.product-type.application";
		};
		8320C8AB2B56CFF50064CFB4 /* Document AppTests */ = {
			isa = PBXNativeTarget;
			buildConfigurationList = 8320C8C32B56CFF50064CFB4 /* Build configuration list for PBXNativeTarget "Document AppTests" */;
			buildPhases = (
				8320C8A82B56CFF50064CFB4 /* Sources */,
				8320C8A92B56CFF50064CFB4 /* Frameworks */,
				8320C8AA2B56CFF50064CFB4 /* Resources */,
			);
			buildRules = (
			);
			dependencies = (
				8320C8AE2B56CFF50064CFB4 /* PBXTargetDependency */,
			);
			name = "Document AppTests";
			productName = "Document AppTests";
			productReference = 8320C8AC2B56CFF50064CFB4 /* Document AppTests.xctest */;
			productType = "com.apple.product-type.bundle.unit-test";
		};
		8320C8B52B56CFF50064CFB4 /* Document AppUITests */ = {
			isa = PBXNativeTarget;
			buildConfigurationList = 8320C8C62B56CFF50064CFB4 /* Build configuration list for PBXNativeTarget "Document AppUITests" */;
			buildPhases = (
				8320C8B22B56CFF50064CFB4 /* Sources */,
				8320C8B32B56CFF50064CFB4 /* Frameworks */,
				8320C8B42B56CFF50064CFB4 /* Resources */,
			);
			buildRules = (
			);
			dependencies = (
				8320C8B82B56CFF50064CFB4 /* PBXTargetDependency */,
			);
			name = "Document AppUITests";
			productName = "Document AppUITests";
			productReference = 8320C8B62B56CFF50064CFB4 /* Document AppUITests.xctest */;
			productType = "com.apple.product-type.bundle.ui-testing";
		};
/* End PBXNativeTarget section */

/* Begin PBXProject section */
		8320C88E2B56CFF20064CFB4 /* Project object */ = {
			isa = PBXProject;
			attributes = {
				BuildIndependentTargetsInParallel = 1;
				LastSwiftUpdateCheck = 1500;
				LastUpgradeCheck = 1500;
				TargetAttributes = {
					8320C8952B56CFF20064CFB4 = {
						CreatedOnToolsVersion = 15.0.1;
					};
					8320C8AB2B56CFF50064CFB4 = {
						CreatedOnToolsVersion = 15.0.1;
						TestTargetID = 8320C8952B56CFF20064CFB4;
					};
					8320C8B52B56CFF50064CFB4 = {
						CreatedOnToolsVersion = 15.0.1;
						TestTargetID = 8320C8952B56CFF20064CFB4;
					};
				};
			};
			buildConfigurationList = 8320C8912B56CFF20064CFB4 /* Build configuration list for PBXProject "Document App" */;
			compatibilityVersion = "Xcode 14.0";
			developmentRegion = en;
			hasScannedForEncodings = 0;
			knownRegions = (
				en,
				Base,
			);
			mainGroup = 8320C88D2B56CFF20064CFB4;
			productRefGroup = 8320C8972B56CFF20064CFB4 /* Products */;
			projectDirPath = "";
			projectRoot = "";
			targets = (
				8320C8952B56CFF20064CFB4 /* Document App */,
				8320C8AB2B56CFF50064CFB4 /* Document AppTests */,
				8320C8B52B56CFF50064CFB4 /* Document AppUITests */,
			);
		};
/* End PBXProject section */

/* Begin PBXResourcesBuildPhase section */
		8320C8942B56CFF20064CFB4 /* Resources */ = {
			isa = PBXResourcesBuildPhase;
			buildActionMask = 2147483647;
			files = (
				8320C8A62B56CFF50064CFB4 /* LaunchScreen.storyboard in Resources */,
				8320C8A32B56CFF50064CFB4 /* Assets.xcassets in Resources */,
				8320C8A12B56CFF20064CFB4 /* Main.storyboard in Resources */,
			);
			runOnlyForDeploymentPostprocessing = 0;
		};
		8320C8AA2B56CFF50064CFB4 /* Resources */ = {
			isa = PBXResourcesBuildPhase;
			buildActionMask = 2147483647;
			files = (
			);
			runOnlyForDeploymentPostprocessing = 0;
		};
		8320C8B42B56CFF50064CFB4 /* Resources */ = {
			isa = PBXResourcesBuildPhase;
			buildActionMask = 2147483647;
			files = (
			);
			runOnlyForDeploymentPostprocessing = 0;
		};
/* End PBXResourcesBuildPhase section */

/* Begin PBXSourcesBuildPhase section */
		8320C8922B56CFF20064CFB4 /* Sources */ = {
			isa = PBXSourcesBuildPhase;
			buildActionMask = 2147483647;
			files = (
				8320C89E2B56CFF20064CFB4 /* ViewController.swift in Sources */,
				8320C89A2B56CFF20064CFB4 /* AppDelegate.swift in Sources */,
				8320C89C2B56CFF20064CFB4 /* SceneDelegate.swift in Sources */,
			);
			runOnlyForDeploymentPostprocessing = 0;
		};
		8320C8A82B56CFF50064CFB4 /* Sources */ = {
			isa = PBXSourcesBuildPhase;
			buildActionMask = 2147483647;
			files = (
				8320C8B12B56CFF50064CFB4 /* Document_AppTests.swift in Sources */,
			);
			runOnlyForDeploymentPostprocessing = 0;
		};
		8320C8B22B56CFF50064CFB4 /* Sources */ = {
			isa = PBXSourcesBuildPhase;
			buildActionMask = 2147483647;
			files = (
				8320C8BB2B56CFF50064CFB4 /* Document_AppUITests.swift in Sources */,
				8320C8BD2B56CFF50064CFB4 /* Document_AppUITestsLaunchTests.swift in Sources */,
			);
			runOnlyForDeploymentPostprocessing = 0;
		};
/* End PBXSourcesBuildPhase section */

/* Begin PBXTargetDependency section */
		8320C8AE2B56CFF50064CFB4 /* PBXTargetDependency */ = {
			isa = PBXTargetDependency;
			target = 8320C8952B56CFF20064CFB4 /* Document App */;
			targetProxy = 8320C8AD2B56CFF50064CFB4 /* PBXContainerItemProxy */;
		};
		8320C8B82B56CFF50064CFB4 /* PBXTargetDependency */ = {
			isa = PBXTargetDependency;
			target = 8320C8952B56CFF20064CFB4 /* Document App */;
			targetProxy = 8320C8B72B56CFF50064CFB4 /* PBXContainerItemProxy */;
		};
/* End PBXTargetDependency section */

/* Begin PBXVariantGroup section */
		8320C89F2B56CFF20064CFB4 /* Main.storyboard */ = {
			isa = PBXVariantGroup;
			children = (
				8320C8A02B56CFF20064CFB4 /* Base */,
			);
			name = Main.storyboard;
			sourceTree = "<group>";
		};
		8320C8A42B56CFF50064CFB4 /* LaunchScreen.storyboard */ = {
			isa = PBXVariantGroup;
			children = (
				8320C8A52B56CFF50064CFB4 /* Base */,
			);
			name = LaunchScreen.storyboard;
			sourceTree = "<group>";
		};
/* End PBXVariantGroup section */

/* Begin XCBuildConfiguration section */
		8320C8BE2B56CFF50064CFB4 /* Debug */ = {
			isa = XCBuildConfiguration;
			buildSettings = {
				ALWAYS_SEARCH_USER_PATHS = NO;
				ASSETCATALOG_COMPILER_GENERATE_SWIFT_ASSET_SYMBOL_EXTENSIONS = YES;
				CLANG_ANALYZER_NONNULL = YES;
				CLANG_ANALYZER_NUMBER_OBJECT_CONVERSION = YES_AGGRESSIVE;
				CLANG_CXX_LANGUAGE_STANDARD = "gnu++20";
				CLANG_ENABLE_MODULES = YES;
				CLANG_ENABLE_OBJC_ARC = YES;
				CLANG_ENABLE_OBJC_WEAK = YES;
				CLANG_WARN_BLOCK_CAPTURE_AUTORELEASING = YES;
				CLANG_WARN_BOOL_CONVERSION = YES;
				CLANG_WARN_COMMA = YES;
				CLANG_WARN_CONSTANT_CONVERSION = YES;
				CLANG_WARN_DEPRECATED_OBJC_IMPLEMENTATIONS = YES;
				CLANG_WARN_DIRECT_OBJC_ISA_USAGE = YES_ERROR;
				CLANG_WARN_DOCUMENTATION_COMMENTS = YES;
				CLANG_WARN_EMPTY_BODY = YES;
				CLANG_WARN_ENUM_CONVERSION = YES;
				CLANG_WARN_INFINITE_RECURSION = YES;
				CLANG_WARN_INT_CONVERSION = YES;
				CLANG_WARN_NON_LITERAL_NULL_CONVERSION = YES;
				CLANG_WARN_OBJC_IMPLICIT_RETAIN_SELF = YES;
				CLANG_WARN_OBJC_LITERAL_CONVERSION = YES;
				CLANG_WARN_OBJC_ROOT_CLASS = YES_ERROR;
				CLANG_WARN_QUOTED_INCLUDE_IN_FRAMEWORK_HEADER = YES;
				CLANG_WARN_RANGE_LOOP_ANALYSIS = YES;
				CLANG_WARN_STRICT_PROTOTYPES = YES;
				CLANG_WARN_SUSPICIOUS_MOVE = YES;
				CLANG_WARN_UNGUARDED_AVAILABILITY = YES_AGGRESSIVE;
				CLANG_WARN_UNREACHABLE_CODE = YES;
				CLANG_WARN__DUPLICATE_METHOD_MATCH = YES;
				COPY_PHASE_STRIP = NO;
				DEBUG_INFORMATION_FORMAT = dwarf;
				ENABLE_STRICT_OBJC_MSGSEND = YES;
				ENABLE_TESTABILITY = YES;
				ENABLE_USER_SCRIPT_SANDBOXING = YES;
				GCC_C_LANGUAGE_STANDARD = gnu17;
				GCC_DYNAMIC_NO_PIC = NO;
				GCC_NO_COMMON_BLOCKS = YES;
				GCC_OPTIMIZATION_LEVEL = 0;
				GCC_PREPROCESSOR_DEFINITIONS = (
					"DEBUG=1",
					"$(inherited)",
				);
				GCC_WARN_64_TO_32_BIT_CONVERSION = YES;
				GCC_WARN_ABOUT_RETURN_TYPE = YES_ERROR;
				GCC_WARN_UNDECLARED_SELECTOR = YES;
				GCC_WARN_UNINITIALIZED_AUTOS = YES_AGGRESSIVE;
				GCC_WARN_UNUSED_FUNCTION = YES;
				GCC_WARN_UNUSED_VARIABLE = YES;
				IPHONEOS_DEPLOYMENT_TARGET = 17.0;
				LOCALIZATION_PREFERS_STRING_CATALOGS = YES;
				MTL_ENABLE_DEBUG_INFO = INCLUDE_SOURCE;
				MTL_FAST_MATH = YES;
				ONLY_ACTIVE_ARCH = YES;
				SDKROOT = iphoneos;
				SWIFT_ACTIVE_COMPILATION_CONDITIONS = "DEBUG $(inherited)";
				SWIFT_OPTIMIZATION_LEVEL = "-Onone";
			};
			name = Debug;
		};
		8320C8BF2B56CFF50064CFB4 /* Release */ = {
			isa = XCBuildConfiguration;
			buildSettings = {
				ALWAYS_SEARCH_USER_PATHS = NO;
				ASSETCATALOG_COMPILER_GENERATE_SWIFT_ASSET_SYMBOL_EXTENSIONS = YES;
				CLANG_ANALYZER_NONNULL = YES;
				CLANG_ANALYZER_NUMBER_OBJECT_CONVERSION = YES_AGGRESSIVE;
				CLANG_CXX_LANGUAGE_STANDARD = "gnu++20";
				CLANG_ENABLE_MODULES = YES;
				CLANG_ENABLE_OBJC_ARC = YES;
				CLANG_ENABLE_OBJC_WEAK = YES;
				CLANG_WARN_BLOCK_CAPTURE_AUTORELEASING = YES;
				CLANG_WARN_BOOL_CONVERSION = YES;
				CLANG_WARN_COMMA = YES;
				CLANG_WARN_CONSTANT_CONVERSION = YES;
				CLANG_WARN_DEPRECATED_OBJC_IMPLEMENTATIONS = YES;
				CLANG_WARN_DIRECT_OBJC_ISA_USAGE = YES_ERROR;
				CLANG_WARN_DOCUMENTATION_COMMENTS = YES;
				CLANG_WARN_EMPTY_BODY = YES;
				CLANG_WARN_ENUM_CONVERSION = YES;
				CLANG_WARN_INFINITE_RECURSION = YES;
				CLANG_WARN_INT_CONVERSION = YES;
				CLANG_WARN_NON_LITERAL_NULL_CONVERSION = YES;
				CLANG_WARN_OBJC_IMPLICIT_RETAIN_SELF = YES;
				CLANG_WARN_OBJC_LITERAL_CONVERSION = YES;
				CLANG_WARN_OBJC_ROOT_CLASS = YES_ERROR;
				CLANG_WARN_QUOTED_INCLUDE_IN_FRAMEWORK_HEADER = YES;
				CLANG_WARN_RANGE_LOOP_ANALYSIS = YES;
				CLANG_WARN_STRICT_PROTOTYPES = YES;
				CLANG_WARN_SUSPICIOUS_MOVE = YES;
				CLANG_WARN_UNGUARDED_AVAILABILITY = YES_AGGRESSIVE;
				CLANG_WARN_UNREACHABLE_CODE = YES;
				CLANG_WARN__DUPLICATE_METHOD_MATCH = YES;
				COPY_PHASE_STRIP = NO;
				DEBUG_INFORMATION_FORMAT = "dwarf-with-dsym";
				ENABLE_NS_ASSERTIONS = NO;
				ENABLE_STRICT_OBJC_MSGSEND = YES;
				ENABLE_USER_SCRIPT_SANDBOXING = YES;
				GCC_C_LANGUAGE_STANDARD = gnu17;
				GCC_NO_COMMON_BLOCKS = YES;
				GCC_WARN_64_TO_32_BIT_CONVERSION = YES;
				GCC_WARN_ABOUT_RETURN_TYPE = YES_ERROR;
				GCC_WARN_UNDECLARED_SELECTOR = YES;
				GCC_WARN_UNINITIALIZED_AUTOS = YES_AGGRESSIVE;
				GCC_WARN_UNUSED_FUNCTION = YES;
				GCC_WARN_UNUSED_VARIABLE = YES;
				IPHONEOS_DEPLOYMENT_TARGET = 17.0;
				LOCALIZATION_PREFERS_STRING_CATALOGS = YES;
				MTL_ENABLE_DEBUG_INFO = NO;
				MTL_FAST_MATH = YES;
				SDKROOT = iphoneos;
				SWIFT_COMPILATION_MODE = wholemodule;
				VALIDATE_PRODUCT = YES;
			};
			name = Release;
		};
		8320C8C12B56CFF50064CFB4 /* Debug */ = {
			isa = XCBuildConfiguration;
			buildSettings = {
				ASSETCATALOG_COMPILER_APPICON_NAME = AppIcon;
				ASSETCATALOG_COMPILER_GLOBAL_ACCENT_COLOR_NAME = AccentColor;
				CODE_SIGN_STYLE = Automatic;
				CURRENT_PROJECT_VERSION = 1;
				GENERATE_INFOPLIST_FILE = YES;
				INFOPLIST_FILE = "Document App/Info.plist";
				INFOPLIST_KEY_UIApplicationSupportsIndirectInputEvents = YES;
				INFOPLIST_KEY_UILaunchStoryboardName = LaunchScreen;
				INFOPLIST_KEY_UIMainStoryboardFile = Main;
				INFOPLIST_KEY_UISupportedInterfaceOrientations_iPad = "UIInterfaceOrientationPortrait UIInterfaceOrientationPortraitUpsideDown UIInterfaceOrientationLandscapeLeft UIInterfaceOrientationLandscapeRight";
				INFOPLIST_KEY_UISupportedInterfaceOrientations_iPhone = "UIInterfaceOrientationPortrait UIInterfaceOrientationLandscapeLeft UIInterfaceOrientationLandscapeRight";
				LD_RUNPATH_SEARCH_PATHS = (
					"$(inherited)",
					"@executable_path/Frameworks",
				);
				MARKETING_VERSION = 1.0;
				PRODUCT_BUNDLE_IDENTIFIER = "iut-loris-maxence.Document-App";
				PRODUCT_NAME = "$(TARGET_NAME)";
				SWIFT_EMIT_LOC_STRINGS = YES;
				SWIFT_VERSION = 5.0;
				TARGETED_DEVICE_FAMILY = "1,2";
			};
			name = Debug;
		};
		8320C8C22B56CFF50064CFB4 /* Release */ = {
			isa = XCBuildConfiguration;
			buildSettings = {
				ASSETCATALOG_COMPILER_APPICON_NAME = AppIcon;
				ASSETCATALOG_COMPILER_GLOBAL_ACCENT_COLOR_NAME = AccentColor;
				CODE_SIGN_STYLE = Automatic;
				CURRENT_PROJECT_VERSION = 1;
				GENERATE_INFOPLIST_FILE = YES;
				INFOPLIST_FILE = "Document App/Info.plist";
				INFOPLIST_KEY_UIApplicationSupportsIndirectInputEvents = YES;
				INFOPLIST_KEY_UILaunchStoryboardName = LaunchScreen;
				INFOPLIST_KEY_UIMainStoryboardFile = Main;
				INFOPLIST_KEY_UISupportedInterfaceOrientations_iPad = "UIInterfaceOrientationPortrait UIInterfaceOrientationPortraitUpsideDown UIInterfaceOrientationLandscapeLeft UIInterfaceOrientationLandscapeRight";
				INFOPLIST_KEY_UISupportedInterfaceOrientations_iPhone = "UIInterfaceOrientationPortrait UIInterfaceOrientationLandscapeLeft UIInterfaceOrientationLandscapeRight";
				LD_RUNPATH_SEARCH_PATHS = (
					"$(inherited)",
					"@executable_path/Frameworks",
				);
				MARKETING_VERSION = 1.0;
				PRODUCT_BUNDLE_IDENTIFIER = "iut-loris-maxence.Document-App";
				PRODUCT_NAME = "$(TARGET_NAME)";
				SWIFT_EMIT_LOC_STRINGS = YES;
				SWIFT_VERSION = 5.0;
				TARGETED_DEVICE_FAMILY = "1,2";
			};
			name = Release;
		};
		8320C8C42B56CFF50064CFB4 /* Debug */ = {
			isa = XCBuildConfiguration;
			buildSettings = {
				ALWAYS_EMBED_SWIFT_STANDARD_LIBRARIES = YES;
				BUNDLE_LOADER = "$(TEST_HOST)";
				CODE_SIGN_STYLE = Automatic;
				CURRENT_PROJECT_VERSION = 1;
				GENERATE_INFOPLIST_FILE = YES;
				IPHONEOS_DEPLOYMENT_TARGET = 17.0;
				MARKETING_VERSION = 1.0;
				PRODUCT_BUNDLE_IDENTIFIER = "iut-loris-maxence.Document-AppTests";
				PRODUCT_NAME = "$(TARGET_NAME)";
				SWIFT_EMIT_LOC_STRINGS = NO;
				SWIFT_VERSION = 5.0;
				TARGETED_DEVICE_FAMILY = "1,2";
				TEST_HOST = "$(BUILT_PRODUCTS_DIR)/Document App.app/$(BUNDLE_EXECUTABLE_FOLDER_PATH)/Document App";
			};
			name = Debug;
		};
		8320C8C52B56CFF50064CFB4 /* Release */ = {
			isa = XCBuildConfiguration;
			buildSettings = {
				ALWAYS_EMBED_SWIFT_STANDARD_LIBRARIES = YES;
				BUNDLE_LOADER = "$(TEST_HOST)";
				CODE_SIGN_STYLE = Automatic;
				CURRENT_PROJECT_VERSION = 1;
				GENERATE_INFOPLIST_FILE = YES;
				IPHONEOS_DEPLOYMENT_TARGET = 17.0;
				MARKETING_VERSION = 1.0;
				PRODUCT_BUNDLE_IDENTIFIER = "iut-loris-maxence.Document-AppTests";
				PRODUCT_NAME = "$(TARGET_NAME)";
				SWIFT_EMIT_LOC_STRINGS = NO;
				SWIFT_VERSION = 5.0;
				TARGETED_DEVICE_FAMILY = "1,2";
				TEST_HOST = "$(BUILT_PRODUCTS_DIR)/Document App.app/$(BUNDLE_EXECUTABLE_FOLDER_PATH)/Document App";
			};
			name = Release;
		};
		8320C8C72B56CFF50064CFB4 /* Debug */ = {
			isa = XCBuildConfiguration;
			buildSettings = {
				ALWAYS_EMBED_SWIFT_STANDARD_LIBRARIES = YES;
				CODE_SIGN_STYLE = Automatic;
				CURRENT_PROJECT_VERSION = 1;
				GENERATE_INFOPLIST_FILE = YES;
				MARKETING_VERSION = 1.0;
				PRODUCT_BUNDLE_IDENTIFIER = "iut-loris-maxence.Document-AppUITests";
				PRODUCT_NAME = "$(TARGET_NAME)";
				SWIFT_EMIT_LOC_STRINGS = NO;
				SWIFT_VERSION = 5.0;
				TARGETED_DEVICE_FAMILY = "1,2";
				TEST_TARGET_NAME = "Document App";
			};
			name = Debug;
		};
		8320C8C82B56CFF50064CFB4 /* Release */ = {
			isa = XCBuildConfiguration;
			buildSettings = {
				ALWAYS_EMBED_SWIFT_STANDARD_LIBRARIES = YES;
				CODE_SIGN_STYLE = Automatic;
				CURRENT_PROJECT_VERSION = 1;
				GENERATE_INFOPLIST_FILE = YES;
				MARKETING_VERSION = 1.0;
				PRODUCT_BUNDLE_IDENTIFIER = "iut-loris-maxence.Document-AppUITests";
				PRODUCT_NAME = "$(TARGET_NAME)";
				SWIFT_EMIT_LOC_STRINGS = NO;
				SWIFT_VERSION = 5.0;
				TARGETED_DEVICE_FAMILY = "1,2";
				TEST_TARGET_NAME = "Document App";
			};
			name = Release;
		};
/* End XCBuildConfiguration section */

/* Begin XCConfigurationList section */
		8320C8912B56CFF20064CFB4 /* Build configuration list for PBXProject "Document App" */ = {
			isa = XCConfigurationList;
			buildConfigurations = (
				8320C8BE2B56CFF50064CFB4 /* Debug */,
				8320C8BF2B56CFF50064CFB4 /* Release */,
			);
			defaultConfigurationIsVisible = 0;
			defaultConfigurationName = Release;
		};
		8320C8C02B56CFF50064CFB4 /* Build configuration list for PBXNativeTarget "Document App" */ = {
			isa = XCConfigurationList;
			buildConfigurations = (
				8320C8C12B56CFF50064CFB4 /* Debug */,
				8320C8C22B56CFF50064CFB4 /* Release */,
			);
			defaultConfigurationIsVisible = 0;
			defaultConfigurationName = Release;
		};
		8320C8C32B56CFF50064CFB4 /* Build configuration list for PBXNativeTarget "Document AppTests" */ = {
			isa = XCConfigurationList;
			buildConfigurations = (
				8320C8C42B56CFF50064CFB4 /* Debug */,
				8320C8C52B56CFF50064CFB4 /* Release */,
			);
			defaultConfigurationIsVisible = 0;
			defaultConfigurationName = Release;
		};
		8320C8C62B56CFF50064CFB4 /* Build configuration list for PBXNativeTarget "Document AppUITests" */ = {
			isa = XCConfigurationList;
			buildConfigurations = (
				8320C8C72B56CFF50064CFB4 /* Debug */,
				8320C8C82B56CFF50064CFB4 /* Release */,
			);
			defaultConfigurationIsVisible = 0;
			defaultConfigurationName = Release;
		};
/* End XCConfigurationList section */
	};
	rootObject = 8320C88E2B56CFF20064CFB4 /* Project object */;
}
